
Microsoft Visual Studio Solution File, Format Version 12.00
# Visual Studio Version 17
VisualStudioVersion = 17.11.35219.272
MinimumVisualStudioVersion = 10.0.40219.1
Project("{FAE04EC0-301F-11D3-BF4B-00C04F79EFBC}") = "TrabajoPrograLambdaLinq", "TrabajoPrograLambdaLinq\TrabajoPrograLambdaLinq.csproj", "{40D845FE-BB7F-4F0D-ADE5-B8B06450DFC8}"
EndProject
Global
	GlobalSection(SolutionConfigurationPlatforms) = preSolution
		Debug|Any CPU = Debug|Any CPU
		Release|Any CPU = Release|Any CPU
	EndGlobalSection
	GlobalSection(ProjectConfigurationPlatforms) = postSolution
		{40D845FE-BB7F-4F0D-ADE5-B8B06450DFC8}.Debug|Any CPU.ActiveCfg = Debug|Any CPU
		{40D845FE-BB7F-4F0D-ADE5-B8B06450DFC8}.Debug|Any CPU.Build.0 = Debug|Any CPU
		{40D845FE-BB7F-4F0D-ADE5-B8B06450DFC8}.Release|Any CPU.ActiveCfg = Release|Any CPU
		{40D845FE-BB7F-4F0D-ADE5-B8B06450DFC8}.Release|Any CPU.Build.0 = Release|Any CPU
	EndGlobalSection
	GlobalSection(SolutionProperties) = preSolution
		HideSolutionNode = FALSE
	EndGlobalSection
	GlobalSection(ExtensibilityGlobals) = postSolution
		SolutionGuid = {FB8EE80C-94EE-42A9-998A-9D812945E5C2}
	EndGlobalSection
EndGlobal
